// !$*UTF8*$!
{
	archiveVersion = 1;
	classes = {
	};
	objectVersion = 46;
	objects = {

/* Begin PBXBuildFile section */
		C9E8EE6A1DB5D012005BEEBA /* HueAppDelegate.swift in Sources */ = {isa = PBXBuildFile; fileRef = C9E8EE691DB5D012005BEEBA /* HueAppDelegate.swift */; };
		C9E8EE6C1DB5D012005BEEBA /* HueViewController.swift in Sources */ = {isa = PBXBuildFile; fileRef = C9E8EE6B1DB5D012005BEEBA /* HueViewController.swift */; };
		C9E8EE6F1DB5D012005BEEBA /* Main.storyboard in Resources */ = {isa = PBXBuildFile; fileRef = C9E8EE6D1DB5D012005BEEBA /* Main.storyboard */; };
		C9E8EE711DB5D012005BEEBA /* Assets.xcassets in Resources */ = {isa = PBXBuildFile; fileRef = C9E8EE701DB5D012005BEEBA /* Assets.xcassets */; };
		C9E8EE741DB5D012005BEEBA /* LaunchScreen.storyboard in Resources */ = {isa = PBXBuildFile; fileRef = C9E8EE721DB5D012005BEEBA /* LaunchScreen.storyboard */; };
		C9E8EE861DB5D4AE005BEEBA /* CCColorCube.m in Sources */ = {isa = PBXBuildFile; fileRef = C9E8EE831DB5D4AE005BEEBA /* CCColorCube.m */; };
		C9E8EE871DB5D4AE005BEEBA /* CCLocalMaximum.m in Sources */ = {isa = PBXBuildFile; fileRef = C9E8EE851DB5D4AE005BEEBA /* CCLocalMaximum.m */; };
		C9E8EE941DB5D4CE005BEEBA /* berlin.jpg in Resources */ = {isa = PBXBuildFile; fileRef = C9E8EE8A1DB5D4CE005BEEBA /* berlin.jpg */; };
		C9E8EE951DB5D4CE005BEEBA /* club.jpg in Resources */ = {isa = PBXBuildFile; fileRef = C9E8EE8B1DB5D4CE005BEEBA /* club.jpg */; };
		C9E8EE961DB5D4CE005BEEBA /* glotze.jpg in Resources */ = {isa = PBXBuildFile; fileRef = C9E8EE8C1DB5D4CE005BEEBA /* glotze.jpg */; };
		C9E8EE971DB5D4CE005BEEBA /* markt.jpg in Resources */ = {isa = PBXBuildFile; fileRef = C9E8EE8D1DB5D4CE005BEEBA /* markt.jpg */; };
		C9E8EE981DB5D4CE005BEEBA /* melone.jpg in Resources */ = {isa = PBXBuildFile; fileRef = C9E8EE8E1DB5D4CE005BEEBA /* melone.jpg */; };
		C9E8EE991DB5D4CE005BEEBA /* museum.jpg in Resources */ = {isa = PBXBuildFile; fileRef = C9E8EE8F1DB5D4CE005BEEBA /* museum.jpg */; };
		C9E8EE9A1DB5D4CE005BEEBA /* schnee.jpg in Resources */ = {isa = PBXBuildFile; fileRef = C9E8EE901DB5D4CE005BEEBA /* schnee.jpg */; };
		C9E8EE9B1DB5D4CE005BEEBA /* strand.jpg in Resources */ = {isa = PBXBuildFile; fileRef = C9E8EE911DB5D4CE005BEEBA /* strand.jpg */; };
		C9E8EE9C1DB5D4CE005BEEBA /* streetart.jpg in Resources */ = {isa = PBXBuildFile; fileRef = C9E8EE921DB5D4CE005BEEBA /* streetart.jpg */; };
		C9E8EE9D1DB5D4CE005BEEBA /* xberg.jpg in Resources */ = {isa = PBXBuildFile; fileRef = C9E8EE931DB5D4CE005BEEBA /* xberg.jpg */; };
/* End PBXBuildFile section */

/* Begin PBXFileReference section */
		C9E8EE661DB5D012005BEEBA /* hue-ios.app */ = {isa = PBXFileReference; explicitFileType = wrapper.application; includeInIndex = 0; path = "hue-ios.app"; sourceTree = BUILT_PRODUCTS_DIR; };
		C9E8EE691DB5D012005BEEBA /* HueAppDelegate.swift */ = {isa = PBXFileReference; lastKnownFileType = sourcecode.swift; path = HueAppDelegate.swift; sourceTree = "<group>"; };
		C9E8EE6B1DB5D012005BEEBA /* HueViewController.swift */ = {isa = PBXFileReference; lastKnownFileType = sourcecode.swift; path = HueViewController.swift; sourceTree = "<group>"; };
		C9E8EE6E1DB5D012005BEEBA /* Base */ = {isa = PBXFileReference; lastKnownFileType = file.storyboard; name = Base; path = Base.lproj/Main.storyboard; sourceTree = "<group>"; };
		C9E8EE701DB5D012005BEEBA /* Assets.xcassets */ = {isa = PBXFileReference; lastKnownFileType = folder.assetcatalog; path = Assets.xcassets; sourceTree = "<group>"; };
		C9E8EE731DB5D012005BEEBA /* Base */ = {isa = PBXFileReference; lastKnownFileType = file.storyboard; name = Base; path = Base.lproj/LaunchScreen.storyboard; sourceTree = "<group>"; };
		C9E8EE751DB5D012005BEEBA /* Info.plist */ = {isa = PBXFileReference; lastKnownFileType = text.plist.xml; path = Info.plist; sourceTree = "<group>"; };
		C9E8EE811DB5D4AE005BEEBA /* hue-ios-Bridging-Header.h */ = {isa = PBXFileReference; lastKnownFileType = sourcecode.c.h; path = "hue-ios-Bridging-Header.h"; sourceTree = "<group>"; };
		C9E8EE821DB5D4AE005BEEBA /* CCColorCube.h */ = {isa = PBXFileReference; fileEncoding = 4; lastKnownFileType = sourcecode.c.h; name = CCColorCube.h; path = ColorCube/CCColorCube.h; sourceTree = "<group>"; };
		C9E8EE831DB5D4AE005BEEBA /* CCColorCube.m */ = {isa = PBXFileReference; fileEncoding = 4; lastKnownFileType = sourcecode.c.objc; name = CCColorCube.m; path = ColorCube/CCColorCube.m; sourceTree = "<group>"; };
		C9E8EE841DB5D4AE005BEEBA /* CCLocalMaximum.h */ = {isa = PBXFileReference; fileEncoding = 4; lastKnownFileType = sourcecode.c.h; name = CCLocalMaximum.h; path = ColorCube/CCLocalMaximum.h; sourceTree = "<group>"; };
		C9E8EE851DB5D4AE005BEEBA /* CCLocalMaximum.m */ = {isa = PBXFileReference; fileEncoding = 4; lastKnownFileType = sourcecode.c.objc; name = CCLocalMaximum.m; path = ColorCube/CCLocalMaximum.m; sourceTree = "<group>"; };
		C9E8EE8A1DB5D4CE005BEEBA /* berlin.jpg */ = {isa = PBXFileReference; lastKnownFileType = image.jpeg; name = berlin.jpg; path = Images/berlin.jpg; sourceTree = "<group>"; };
		C9E8EE8B1DB5D4CE005BEEBA /* club.jpg */ = {isa = PBXFileReference; lastKnownFileType = image.jpeg; name = club.jpg; path = Images/club.jpg; sourceTree = "<group>"; };
		C9E8EE8C1DB5D4CE005BEEBA /* glotze.jpg */ = {isa = PBXFileReference; lastKnownFileType = image.jpeg; name = glotze.jpg; path = Images/glotze.jpg; sourceTree = "<group>"; };
		C9E8EE8D1DB5D4CE005BEEBA /* markt.jpg */ = {isa = PBXFileReference; lastKnownFileType = image.jpeg; name = markt.jpg; path = Images/markt.jpg; sourceTree = "<group>"; };
		C9E8EE8E1DB5D4CE005BEEBA /* melone.jpg */ = {isa = PBXFileReference; lastKnownFileType = image.jpeg; name = melone.jpg; path = Images/melone.jpg; sourceTree = "<group>"; };
		C9E8EE8F1DB5D4CE005BEEBA /* museum.jpg */ = {isa = PBXFileReference; lastKnownFileType = image.jpeg; name = museum.jpg; path = Images/museum.jpg; sourceTree = "<group>"; };
		C9E8EE901DB5D4CE005BEEBA /* schnee.jpg */ = {isa = PBXFileReference; lastKnownFileType = image.jpeg; name = schnee.jpg; path = Images/schnee.jpg; sourceTree = "<group>"; };
		C9E8EE911DB5D4CE005BEEBA /* strand.jpg */ = {isa = PBXFileReference; lastKnownFileType = image.jpeg; name = strand.jpg; path = Images/strand.jpg; sourceTree = "<group>"; };
		C9E8EE921DB5D4CE005BEEBA /* streetart.jpg */ = {isa = PBXFileReference; lastKnownFileType = image.jpeg; name = streetart.jpg; path = Images/streetart.jpg; sourceTree = "<group>"; };
		C9E8EE931DB5D4CE005BEEBA /* xberg.jpg */ = {isa = PBXFileReference; lastKnownFileType = image.jpeg; name = xberg.jpg; path = Images/xberg.jpg; sourceTree = "<group>"; };
/* End PBXFileReference section */

/* Begin PBXFrameworksBuildPhase section */
		C9E8EE631DB5D012005BEEBA /* Frameworks */ = {
			isa = PBXFrameworksBuildPhase;
			buildActionMask = 2147483647;
			files = (
			);
			runOnlyForDeploymentPostprocessing = 0;
		};
/* End PBXFrameworksBuildPhase section */

/* Begin PBXGroup section */
		C9E8EE5D1DB5D012005BEEBA = {
			isa = PBXGroup;
			children = (
				C9E8EE681DB5D012005BEEBA /* hue-ios */,
				C9E8EE671DB5D012005BEEBA /* Products */,
			);
			sourceTree = "<group>";
		};
		C9E8EE671DB5D012005BEEBA /* Products */ = {
			isa = PBXGroup;
			children = (
				C9E8EE661DB5D012005BEEBA /* hue-ios.app */,
			);
			name = Products;
			sourceTree = "<group>";
		};
		C9E8EE681DB5D012005BEEBA /* hue-ios */ = {
			isa = PBXGroup;
			children = (
				C9E8EE891DB5D4C6005BEEBA /* Images */,
				C9E8EE881DB5D4B7005BEEBA /* ColorCube */,
				C9E8EE691DB5D012005BEEBA /* HueAppDelegate.swift */,
				C9E8EE6B1DB5D012005BEEBA /* HueViewController.swift */,
				C9E8EE6D1DB5D012005BEEBA /* Main.storyboard */,
				C9E8EE701DB5D012005BEEBA /* Assets.xcassets */,
				C9E8EE721DB5D012005BEEBA /* LaunchScreen.storyboard */,
				C9E8EE751DB5D012005BEEBA /* Info.plist */,
				C9E8EE811DB5D4AE005BEEBA /* hue-ios-Bridging-Header.h */,
			);
			path = "hue-ios";
			sourceTree = "<group>";
		};
		C9E8EE881DB5D4B7005BEEBA /* ColorCube */ = {
			isa = PBXGroup;
			children = (
				C9E8EE821DB5D4AE005BEEBA /* CCColorCube.h */,
				C9E8EE831DB5D4AE005BEEBA /* CCColorCube.m */,
				C9E8EE841DB5D4AE005BEEBA /* CCLocalMaximum.h */,
				C9E8EE851DB5D4AE005BEEBA /* CCLocalMaximum.m */,
			);
			name = ColorCube;
			sourceTree = "<group>";
		};
		C9E8EE891DB5D4C6005BEEBA /* Images */ = {
			isa = PBXGroup;
			children = (
				C9E8EE8A1DB5D4CE005BEEBA /* berlin.jpg */,
				C9E8EE8B1DB5D4CE005BEEBA /* club.jpg */,
				C9E8EE8C1DB5D4CE005BEEBA /* glotze.jpg */,
				C9E8EE8D1DB5D4CE005BEEBA /* markt.jpg */,
				C9E8EE8E1DB5D4CE005BEEBA /* melone.jpg */,
				C9E8EE8F1DB5D4CE005BEEBA /* museum.jpg */,
				C9E8EE901DB5D4CE005BEEBA /* schnee.jpg */,
				C9E8EE911DB5D4CE005BEEBA /* strand.jpg */,
				C9E8EE921DB5D4CE005BEEBA /* streetart.jpg */,
				C9E8EE931DB5D4CE005BEEBA /* xberg.jpg */,
			);
			name = Images;
			sourceTree = "<group>";
		};
/* End PBXGroup section */

/* Begin PBXNativeTarget section */
		C9E8EE651DB5D012005BEEBA /* hue-ios */ = {
			isa = PBXNativeTarget;
			buildConfigurationList = C9E8EE781DB5D012005BEEBA /* Build configuration list for PBXNativeTarget "hue-ios" */;
			buildPhases = (
				C9E8EE621DB5D012005BEEBA /* Sources */,
				C9E8EE631DB5D012005BEEBA /* Frameworks */,
				C9E8EE641DB5D012005BEEBA /* Resources */,
			);
			buildRules = (
			);
			dependencies = (
			);
			name = "hue-ios";
			productName = "hue-ios";
			productReference = C9E8EE661DB5D012005BEEBA /* hue-ios.app */;
			productType = "com.apple.product-type.application";
		};
/* End PBXNativeTarget section */

/* Begin PBXProject section */
		C9E8EE5E1DB5D012005BEEBA /* Project object */ = {
			isa = PBXProject;
			attributes = {
				LastSwiftUpdateCheck = 0800;
				LastUpgradeCheck = 0800;
				ORGANIZATIONNAME = Hue;
				TargetAttributes = {
					C9E8EE651DB5D012005BEEBA = {
						CreatedOnToolsVersion = 8.0;
						LastSwiftMigration = 0800;
						ProvisioningStyle = Automatic;
					};
				};
			};
			buildConfigurationList = C9E8EE611DB5D012005BEEBA /* Build configuration list for PBXProject "hue-ios" */;
			compatibilityVersion = "Xcode 3.2";
			developmentRegion = English;
			hasScannedForEncodings = 0;
			knownRegions = (
				en,
				Base,
			);
			mainGroup = C9E8EE5D1DB5D012005BEEBA;
			productRefGroup = C9E8EE671DB5D012005BEEBA /* Products */;
			projectDirPath = "";
			projectRoot = "";
			targets = (
				C9E8EE651DB5D012005BEEBA /* hue-ios */,
			);
		};
/* End PBXProject section */

/* Begin PBXResourcesBuildPhase section */
		C9E8EE641DB5D012005BEEBA /* Resources */ = {
			isa = PBXResourcesBuildPhase;
			buildActionMask = 2147483647;
			files = (
				C9E8EE991DB5D4CE005BEEBA /* museum.jpg in Resources */,
				C9E8EE961DB5D4CE005BEEBA /* glotze.jpg in Resources */,
				C9E8EE981DB5D4CE005BEEBA /* melone.jpg in Resources */,
				C9E8EE741DB5D012005BEEBA /* LaunchScreen.storyboard in Resources */,
				C9E8EE971DB5D4CE005BEEBA /* markt.jpg in Resources */,
				C9E8EE951DB5D4CE005BEEBA /* club.jpg in Resources */,
				C9E8EE941DB5D4CE005BEEBA /* berlin.jpg in Resources */,
				C9E8EE9B1DB5D4CE005BEEBA /* strand.jpg in Resources */,
				C9E8EE9A1DB5D4CE005BEEBA /* schnee.jpg in Resources */,
				C9E8EE711DB5D012005BEEBA /* Assets.xcassets in Resources */,
				C9E8EE9C1DB5D4CE005BEEBA /* streetart.jpg in Resources */,
				C9E8EE6F1DB5D012005BEEBA /* Main.storyboard in Resources */,
				C9E8EE9D1DB5D4CE005BEEBA /* xberg.jpg in Resources */,
			);
			runOnlyForDeploymentPostprocessing = 0;
		};
/* End PBXResourcesBuildPhase section */

/* Begin PBXSourcesBuildPhase section */
		C9E8EE621DB5D012005BEEBA /* Sources */ = {
			isa = PBXSourcesBuildPhase;
			buildActionMask = 2147483647;
			files = (
				C9E8EE861DB5D4AE005BEEBA /* CCColorCube.m in Sources */,
				C9E8EE6C1DB5D012005BEEBA /* HueViewController.swift in Sources */,
				C9E8EE871DB5D4AE005BEEBA /* CCLocalMaximum.m in Sources */,
				C9E8EE6A1DB5D012005BEEBA /* HueAppDelegate.swift in Sources */,
			);
			runOnlyForDeploymentPostprocessing = 0;
		};
/* End PBXSourcesBuildPhase section */

/* Begin PBXVariantGroup section */
		C9E8EE6D1DB5D012005BEEBA /* Main.storyboard */ = {
			isa = PBXVariantGroup;
			children = (
				C9E8EE6E1DB5D012005BEEBA /* Base */,
			);
			name = Main.storyboard;
			sourceTree = "<group>";
		};
		C9E8EE721DB5D012005BEEBA /* LaunchScreen.storyboard */ = {
			isa = PBXVariantGroup;
			children = (
				C9E8EE731DB5D012005BEEBA /* Base */,
			);
			name = LaunchScreen.storyboard;
			sourceTree = "<group>";
		};
/* End PBXVariantGroup section */

/* Begin XCBuildConfiguration section */
		C9E8EE761DB5D012005BEEBA /* Debug */ = {
			isa = XCBuildConfiguration;
			buildSettings = {
				ALWAYS_SEARCH_USER_PATHS = NO;
				CLANG_ANALYZER_NONNULL = YES;
				CLANG_CXX_LANGUAGE_STANDARD = "gnu++0x";
				CLANG_CXX_LIBRARY = "libc++";
				CLANG_ENABLE_MODULES = YES;
				CLANG_ENABLE_OBJC_ARC = YES;
				CLANG_WARN_BOOL_CONVERSION = YES;
				CLANG_WARN_CONSTANT_CONVERSION = YES;
				CLANG_WARN_DIRECT_OBJC_ISA_USAGE = YES_ERROR;
				CLANG_WARN_DOCUMENTATION_COMMENTS = YES;
				CLANG_WARN_EMPTY_BODY = YES;
				CLANG_WARN_ENUM_CONVERSION = YES;
				CLANG_WARN_INFINITE_RECURSION = YES;
				CLANG_WARN_INT_CONVERSION = YES;
				CLANG_WARN_OBJC_ROOT_CLASS = YES_ERROR;
				CLANG_WARN_SUSPICIOUS_MOVES = YES;
				CLANG_WARN_UNREACHABLE_CODE = YES;
				CLANG_WARN__DUPLICATE_METHOD_MATCH = YES;
				"CODE_SIGN_IDENTITY[sdk=iphoneos*]" = "iPhone Developer";
				COPY_PHASE_STRIP = NO;
				DEBUG_INFORMATION_FORMAT = dwarf;
				ENABLE_STRICT_OBJC_MSGSEND = YES;
				ENABLE_TESTABILITY = YES;
				GCC_C_LANGUAGE_STANDARD = gnu99;
				GCC_DYNAMIC_NO_PIC = NO;
				GCC_NO_COMMON_BLOCKS = YES;
				GCC_OPTIMIZATION_LEVEL = 0;
				GCC_PREPROCESSOR_DEFINITIONS = (
					"DEBUG=1",
					"$(inherited)",
				);
				GCC_WARN_64_TO_32_BIT_CONVERSION = YES;
				GCC_WARN_ABOUT_RETURN_TYPE = YES_ERROR;
				GCC_WARN_UNDECLARED_SELECTOR = YES;
				GCC_WARN_UNINITIALIZED_AUTOS = YES_AGGRESSIVE;
				GCC_WARN_UNUSED_FUNCTION = YES;
				GCC_WARN_UNUSED_VARIABLE = YES;
				IPHONEOS_DEPLOYMENT_TARGET = 10.0;
				MTL_ENABLE_DEBUG_INFO = YES;
				ONLY_ACTIVE_ARCH = YES;
				SDKROOT = iphoneos;
				SWIFT_ACTIVE_COMPILATION_CONDITIONS = DEBUG;
				SWIFT_OPTIMIZATION_LEVEL = "-Onone";
				TARGETED_DEVICE_FAMILY = "1,2";
			};
			name = Debug;
		};
		C9E8EE771DB5D012005BEEBA /* Release */ = {
			isa = XCBuildConfiguration;
			buildSettings = {
				ALWAYS_SEARCH_USER_PATHS = NO;
				CLANG_ANALYZER_NONNULL = YES;
				CLANG_CXX_LANGUAGE_STANDARD = "gnu++0x";
				CLANG_CXX_LIBRARY = "libc++";
				CLANG_ENABLE_MODULES = YES;
				CLANG_ENABLE_OBJC_ARC = YES;
				CLANG_WARN_BOOL_CONVERSION = YES;
				CLANG_WARN_CONSTANT_CONVERSION = YES;
				CLANG_WARN_DIRECT_OBJC_ISA_USAGE = YES_ERROR;
				CLANG_WARN_DOCUMENTATION_COMMENTS = YES;
				CLANG_WARN_EMPTY_BODY = YES;
				CLANG_WARN_ENUM_CONVERSION = YES;
				CLANG_WARN_INFINITE_RECURSION = YES;
				CLANG_WARN_INT_CONVERSION = YES;
				CLANG_WARN_OBJC_ROOT_CLASS = YES_ERROR;
				CLANG_WARN_SUSPICIOUS_MOVES = YES;
				CLANG_WARN_UNREACHABLE_CODE = YES;
				CLANG_WARN__DUPLICATE_METHOD_MATCH = YES;
				"CODE_SIGN_IDENTITY[sdk=iphoneos*]" = "iPhone Developer";
				COPY_PHASE_STRIP = NO;
				DEBUG_INFORMATION_FORMAT = "dwarf-with-dsym";
				ENABLE_NS_ASSERTIONS = NO;
				ENABLE_STRICT_OBJC_MSGSEND = YES;
				GCC_C_LANGUAGE_STANDARD = gnu99;
				GCC_NO_COMMON_BLOCKS = YES;
				GCC_WARN_64_TO_32_BIT_CONVERSION = YES;
				GCC_WARN_ABOUT_RETURN_TYPE = YES_ERROR;
				GCC_WARN_UNDECLARED_SELECTOR = YES;
				GCC_WARN_UNINITIALIZED_AUTOS = YES_AGGRESSIVE;
				GCC_WARN_UNUSED_FUNCTION = YES;
				GCC_WARN_UNUSED_VARIABLE = YES;
				IPHONEOS_DEPLOYMENT_TARGET = 10.0;
				MTL_ENABLE_DEBUG_INFO = NO;
				SDKROOT = iphoneos;
				SWIFT_OPTIMIZATION_LEVEL = "-Owholemodule";
				TARGETED_DEVICE_FAMILY = "1,2";
				VALIDATE_PRODUCT = YES;
			};
			name = Release;
		};
		C9E8EE791DB5D012005BEEBA /* Debug */ = {
			isa = XCBuildConfiguration;
			buildSettings = {
				ASSETCATALOG_COMPILER_APPICON_NAME = AppIcon;
				CLANG_ENABLE_MODULES = YES;
				INFOPLIST_FILE = "hue-ios/Info.plist";
				LD_RUNPATH_SEARCH_PATHS = "$(inherited) @executable_path/Frameworks";
				PRODUCT_BUNDLE_IDENTIFIER = "com.hue.hue-ios";
				PRODUCT_NAME = "$(TARGET_NAME)";
				SWIFT_OBJC_BRIDGING_HEADER = "hue-ios/hue-ios-Bridging-Header.h";
				SWIFT_OPTIMIZATION_LEVEL = "-Onone";
				SWIFT_VERSION = 3.0;
			};
			name = Debug;
		};
		C9E8EE7A1DB5D012005BEEBA /* Release */ = {
			isa = XCBuildConfiguration;
			buildSettings = {
				ASSETCATALOG_COMPILER_APPICON_NAME = AppIcon;
				CLANG_ENABLE_MODULES = YES;
				INFOPLIST_FILE = "hue-ios/Info.plist";
				LD_RUNPATH_SEARCH_PATHS = "$(inherited) @executable_path/Frameworks";
				PRODUCT_BUNDLE_IDENTIFIER = "com.hue.hue-ios";
				PRODUCT_NAME = "$(TARGET_NAME)";
				SWIFT_OBJC_BRIDGING_HEADER = "hue-ios/hue-ios-Bridging-Header.h";
				SWIFT_VERSION = 3.0;
			};
			name = Release;
		};
/* End XCBuildConfiguration section */

/* Begin XCConfigurationList section */
		C9E8EE611DB5D012005BEEBA /* Build configuration list for PBXProject "hue-ios" */ = {
			isa = XCConfigurationList;
			buildConfigurations = (
				C9E8EE761DB5D012005BEEBA /* Debug */,
				C9E8EE771DB5D012005BEEBA /* Release */,
			);
			defaultConfigurationIsVisible = 0;
			defaultConfigurationName = Release;
		};
		C9E8EE781DB5D012005BEEBA /* Build configuration list for PBXNativeTarget "hue-ios" */ = {
			isa = XCConfigurationList;
			buildConfigurations = (
				C9E8EE791DB5D012005BEEBA /* Debug */,
				C9E8EE7A1DB5D012005BEEBA /* Release */,
			);
			defaultConfigurationIsVisible = 0;
		};
/* End XCConfigurationList section */
	};
	rootObject = C9E8EE5E1DB5D012005BEEBA /* Project object */;
}
